
Microsoft Visual Studio Solution File, Format Version 12.00
# Visual Studio Version 16
VisualStudioVersion = 16.0.29318.209
MinimumVisualStudioVersion = 10.0.40219.1
Project("{9A19103F-16F7-4668-BE54-9A1E7A4F7556}") = "Application.Api", "Application.Api\Application.Api.csproj", "{A613E2CC-63FB-4D93-B814-FF3F6DC944A6}"
EndProject
Project("{9A19103F-16F7-4668-BE54-9A1E7A4F7556}") = "Application.DAL", "Application.DAL\Application.DAL.csproj", "{15759FF3-9F9F-49BA-B8DB-1885D91AD1FA}"
EndProject
Project("{9A19103F-16F7-4668-BE54-9A1E7A4F7556}") = "Application.BL", "Application.BL\Application.BL.csproj", "{EBCF6946-E174-4DEF-A928-4FD35408B8F9}"
EndProject
Global
	GlobalSection(SolutionConfigurationPlatforms) = preSolution
		Debug|Any CPU = Debug|Any CPU
		Release|Any CPU = Release|Any CPU
	EndGlobalSection
	GlobalSection(ProjectConfigurationPlatforms) = postSolution
		{A613E2CC-63FB-4D93-B814-FF3F6DC944A6}.Debug|Any CPU.ActiveCfg = Debug|Any CPU
		{A613E2CC-63FB-4D93-B814-FF3F6DC944A6}.Debug|Any CPU.Build.0 = Debug|Any CPU
		{A613E2CC-63FB-4D93-B814-FF3F6DC944A6}.Release|Any CPU.ActiveCfg = Release|Any CPU
		{A613E2CC-63FB-4D93-B814-FF3F6DC944A6}.Release|Any CPU.Build.0 = Release|Any CPU
		{15759FF3-9F9F-49BA-B8DB-1885D91AD1FA}.Debug|Any CPU.ActiveCfg = Debug|Any CPU
		{15759FF3-9F9F-49BA-B8DB-1885D91AD1FA}.Debug|Any CPU.Build.0 = Debug|Any CPU
		{15759FF3-9F9F-49BA-B8DB-1885D91AD1FA}.Release|Any CPU.ActiveCfg = Release|Any CPU
		{15759FF3-9F9F-49BA-B8DB-1885D91AD1FA}.Release|Any CPU.Build.0 = Release|Any CPU
		{EBCF6946-E174-4DEF-A928-4FD35408B8F9}.Debug|Any CPU.ActiveCfg = Debug|Any CPU
		{EBCF6946-E174-4DEF-A928-4FD35408B8F9}.Debug|Any CPU.Build.0 = Debug|Any CPU
		{EBCF6946-E174-4DEF-A928-4FD35408B8F9}.Release|Any CPU.ActiveCfg = Release|Any CPU
		{EBCF6946-E174-4DEF-A928-4FD35408B8F9}.Release|Any CPU.Build.0 = Release|Any CPU
	EndGlobalSection
	GlobalSection(SolutionProperties) = preSolution
		HideSolutionNode = FALSE
	EndGlobalSection
	GlobalSection(ExtensibilityGlobals) = postSolution
		SolutionGuid = {95E6A5B6-A15C-4F37-913A-6D6C0FE0F923}
	EndGlobalSection
EndGlobal
